<?xml version="1.0" encoding="utf-8"?>
<Project ToolsVersion="14.0" xmlns="http://schemas.microsoft.com/developer/msbuild/2003">
  <ItemGroup>
    <Filter Include="Source Files">
      <UniqueIdentifier>{742F221D-9623-44FE-8E17-B30EC8CB3CEA}</UniqueIdentifier>
    </Filter>
  </ItemGroup>
  <ItemGroup>
    <ClCompile Include="messaging.cpp" />
    <ClCompile Include="plugin.cpp" />
    <ClCompile Include="scan.cpp" />
    <ClCompile Include="update.cpp" />
    <ClCompile Include="subscriber.cpp" />
  </ItemGroup>
  <ItemGroup>
    <ClInclude Include="messaging.h" />
    <ClInclude Include="scan.h" />
    <ClInclude Include="update.h" />
    <ClInclude Include="subscriber.h" />
    <ClInclude Include="hackPrint.h" />
  </ItemGroup>
</Project>