<?xml version="1.0" encoding="utf-8"?>
<Project ToolsVersion="4.0" xmlns="http://schemas.microsoft.com/developer/msbuild/2003">
  <ItemGroup>
    <ClCompile Include="plugin.cpp" />
    <ClCompile Include="polyModifierCmd.cpp">
      <Filter>update</Filter>
    </ClCompile>
    <ClCompile Include="update.cpp">
      <Filter>update</Filter>
    </ClCompile>
    <ClCompile Include="messaging.cpp">
      <Filter>message</Filter>
    </ClCompile>
    <ClCompile Include="tweakHandler.cpp">
      <Filter>shared</Filter>
    </ClCompile>
    <ClCompile Include="info.cpp">
      <Filter>info</Filter>
    </ClCompile>
    <ClCompile Include="callbackHandler.cpp">
      <Filter>callbacks</Filter>
    </ClCompile>
    <ClCompile Include="register.cpp">
      <Filter>register</Filter>
    </ClCompile>
  </ItemGroup>
  <ItemGroup>
    <ClInclude Include="hackPrint.h" />
    <ClInclude Include="update.h">
      <Filter>update</Filter>
    </ClInclude>
    <ClInclude Include="polyModifierCmd.h">
      <Filter>update</Filter>
    </ClInclude>
    <ClInclude Include="messaging.h">
      <Filter>message</Filter>
    </ClInclude>
    <ClInclude Include="..\..\common\testTypes.h">
      <Filter>common</Filter>
    </ClInclude>
    <ClInclude Include="json.h">
      <Filter>common</Filter>
    </ClInclude>
    <ClInclude Include="tweakHandler.h">
      <Filter>shared</Filter>
    </ClInclude>
    <ClInclude Include="info.h">
      <Filter>info</Filter>
    </ClInclude>
    <ClInclude Include="callbackHandler.h">
      <Filter>callbacks</Filter>
    </ClInclude>
    <ClInclude Include="register.h">
      <Filter>register</Filter>
    </ClInclude>
  </ItemGroup>
  <ItemGroup>
    <Filter Include="common">
      <UniqueIdentifier>{4259fb9a-4b9e-4a3c-8218-7fa06f2ce1d8}</UniqueIdentifier>
    </Filter>
    <Filter Include="update">
      <UniqueIdentifier>{5428d30f-54ff-431d-a528-db434b93969c}</UniqueIdentifier>
    </Filter>
    <Filter Include="message">
      <UniqueIdentifier>{0b43f097-faa6-4a22-bd7c-ad8c94c201a2}</UniqueIdentifier>
    </Filter>
    <Filter Include="shared">
      <UniqueIdentifier>{c85e83c3-a466-4886-956c-a49243856d0a}</UniqueIdentifier>
    </Filter>
    <Filter Include="info">
      <UniqueIdentifier>{f48acf7c-7a3f-4fd9-966f-23061c28eca1}</UniqueIdentifier>
    </Filter>
    <Filter Include="callbacks">
      <UniqueIdentifier>{93dc10f7-668e-4057-a906-7bdf6871d49a}</UniqueIdentifier>
    </Filter>
    <Filter Include="register">
      <UniqueIdentifier>{156d3de9-f0f9-4682-96dd-be2679a97dd2}</UniqueIdentifier>
    </Filter>
  </ItemGroup>
</Project>